{
    "_meta": {
        "hash": {
            "sha256": "ce3004a6c55dbd463086ac4613bd748a849e0a75bd321ca4c194ece1a9510651"
        },
        "pipfile-spec": 6,
        "requires": {
            "python_version": "3.7"
        },
        "sources": [
            {
                "name": "pypi",
                "url": "https://pypi.org/simple",
                "verify_ssl": true
            }
        ]
    },
    "default": {
        "basilica": {
            "hashes": [
                "sha256:10d111538e7fee4ece43b9a2f0f33c8b6a34dc1a061e44c035b53ac4297e3a4d"
            ],
            "index": "pypi",
            "version": "==0.2.8"
        },
        "blis": {
            "hashes": [
                "sha256:00473602629ba69fe6565108e21957e918cb48b59f5bf2f6bfb6e04de42500cb",
                "sha256:03c368c9716ca814c436550a5f1e02ccf74850e613602519e3941d212e5aa177",
                "sha256:135450caabc8aea9bb9250329ebdf7189982d9b57d5c92789b2ba2fe52c247a7",
                "sha256:1402d9cbb0fbc21b749dd5b87d7ee14249e74a0ca38be6ecc56b3b356fca2f21",
                "sha256:26b16d6005bb2671699831b5cc699905215d1abde1ec5c1d04de7dcd9eb29f75",
                "sha256:3347a4b1b7d3ae14476aac9a6f7bf8ebf464863f4ebf4aea228874a7694ea240",
                "sha256:38fe877a4b52e762f5e137a412e3c256545a696a12ae8c40d67b8815d2bb5097",
                "sha256:4fb89c47ee06b58a4410a16fd5794847517262c9d2a342643475b477dfeff0a4",
                "sha256:77a6486b9794af01bcdfd1bc6e067c93add4b93292e6f95bf6e5ce7f98bf0163",
                "sha256:856142a11e37fd2c47c5006a3197e157bb8469a491a73d2d442223dd3279df84",
                "sha256:8aeaf6954351593a1e412f80e398aa51df588d3c0de74b9f3323b694c603381b",
                "sha256:9ede123065f3cacb109967755b3d83d4ca0de90643a9058129a6ab2d4051954f",
                "sha256:d1d59faebc1c94f8f4f77154ef4b9d6d40364b111cf8fde48ee3b524c85f1075",
                "sha256:d69257d317e86f34a7f230a2fd1f021fd2a1b944137f40d8cdbb23bd334cd0c4",
                "sha256:ddd732c5274d1082fa92e2c42317587d5ebabce7741ca98120f69bd45d004b99",
                "sha256:f0b0dad4d6268d9dba0a65a9db12dd7a2d8686b648399e4aa1aec7550697e99e"
            ],
            "version": "==0.4.1"
        },
        "catalogue": {
            "hashes": [
                "sha256:584d78e7f4c3c6e2fd498eb56dfc8ef1f4ff738480237de2ccd26cbe2cf47172",
                "sha256:d74d1d856c6b36a37bf14aa6dbbc27d0582667b7ab979a6108e61a575e8723f5"
            ],
            "markers": "python_version >= '2.7' and python_version not in '3.0, 3.1, 3.2, 3.3'",
            "version": "==1.0.0"
        },
        "certifi": {
            "hashes": [
                "sha256:78884e7c1d4b00ce3cea67b44566851c4343c120abd683433ce934a68ea58872",
                "sha256:d62a0163eb4c2344ac042ab2bdf75399a71a2d8c7d47eac2e2ee91b9d6339569"
            ],
            "version": "==2021.10.8"
        },
        "charset-normalizer": {
            "hashes": [
                "sha256:876d180e9d7432c5d1dfd4c5d26b72f099d503e8fcc0feb7532c9289be60fcbd",
                "sha256:cb957888737fc0bbcd78e3df769addb41fd1ff8cf950dc9e7ad7793f1bf44455"
            ],
            "markers": "python_version >= '3'",
            "version": "==2.0.10"
        },
        "cymem": {
            "hashes": [
                "sha256:04676d696596b0db3f3c5a3936bab12fb6f24278921a6622bb185e61765b2b4d",
                "sha256:169725b5816959d34de2545b33fee6a8021a6e08818794a426c5a4f981f17e5e",
                "sha256:2aa3fa467d906cd2c27fa0a2e2952dd7925f5fcc7973fab6d815ef6acb25aad8",
                "sha256:4749f220e4c06ec44eb10de13794ff0508cdc4f8eff656cf49cab2cdb3122c0c",
                "sha256:492084aef23ac2ff3da3729e9d36340bc91a96c2dc8c3a82a1926e384ab52412",
                "sha256:4f87fe087f2ae36c3e20e2b1a29d7f76a28c035372d0a97655f26223d975235a",
                "sha256:6b0d1a6b0a1296f31fa9e4b7ae5ea49394084ecc883b1ae6fec4844403c43468",
                "sha256:700540b68e96a7056d0691d467df2bbaaf0934a3e6fe2383669998cbee19580a",
                "sha256:971cf0a8437dfb4185c3049c086e463612fe849efadc0f5cc153fc81c501da7d",
                "sha256:a93fba62fe79dbf6fc4d5b6d804a6e114b44af3ff3d40a28833ee39f21bd336b",
                "sha256:af3c01e6b20f9e6c07c7d7cdb7f710e49889d3906c9a3e039546ee6636a34b9a",
                "sha256:b8e1c18bb00800425576710468299153caad20c64ddb6819d40a6a34e21ee21c",
                "sha256:c59293b232b53ebb47427f16cf648e937022f489cff36c11d1d8a1f0075b6609",
                "sha256:d7a59cef8f2fa25d12e2c30138f8623acbd43ad2715e730a709e49c5eef8e1b0",
                "sha256:dd52d8a81881804625df88453611175ab7e0099b34f52204da1f6940cf2e83c9",
                "sha256:ea535f74ab6024e7416f93de564e5c81fb7c0964b96280de66f60aeb05f0cf53"
            ],
            "version": "==2.0.6"
        },
        "idna": {
            "hashes": [
                "sha256:84d9dd047ffa80596e0f246e2eab0b391788b0503584e8945f2368256d2735ff",
                "sha256:9d643ff0a55b762d5cdb124b8eaa99c66322e2157b69160bc32796e824360e6d"
            ],
            "markers": "python_version >= '3'",
            "version": "==3.3"
        },
        "importlib-metadata": {
            "hashes": [
                "sha256:92a8b58ce734b2a4494878e0ecf7d79ccd7a128b5fc6014c401e0b61f006f0f6",
                "sha256:b7cf7d3fef75f1e4c80a96ca660efbd51473d7e8f39b5ab9210febc7809012a4"
            ],
            "markers": "python_version < '3.8'",
            "version": "==4.10.0"
        },
        "joblib": {
            "hashes": [
                "sha256:4158fcecd13733f8be669be0683b96ebdbbd38d23559f54dca7205aea1bf1e35",
                "sha256:f21f109b3c7ff9d95f8387f752d0d9c34a02aa2f7060c2135f465da0e5160ff6"
            ],
            "markers": "python_version >= '3.6'",
            "version": "==1.1.0"
        },
        "murmurhash": {
            "hashes": [
                "sha256:00a5252b569d3f914b5bd0bce72d2efe9c0fb91a9703556ea1b608b141c68f2d",
                "sha256:1431d817e1fff1ed35f8dc54dd5b4d70165ec98076de8aca351805f8037293f3",
                "sha256:2911bc3e8040dfaac536b141539b0351915f1439953f0aa9e957f082cff035a6",
                "sha256:5c7b8cc4a8db1c821b80f8ca70a25c3166b14d68ecef8693a117c6a0b1d74ace",
                "sha256:773411eba268bf524c012e781f4405aacb9ef4edc063d1f6b38bbf06358b988e",
                "sha256:7dc5a79346afa07f14384926c335c0c455226d687d1305b9378264875b450e51",
                "sha256:8de08d145c85bb7ba89cb1b591742e3ef54cede73e35f62752af687a4a1859f7",
                "sha256:90a8e06872015d6f9f66a42669e003a1df8be229defef69cd98546f4cb25546d",
                "sha256:92cd7196974307143ce8e9e9b6e22e0a57abf30bdd5a1effe696b4825677e616",
                "sha256:9d69cc0ffc0ef6d37399b8a0484a44f9877e531ebc164e55105e89738ed52089",
                "sha256:a78d53f047c3410ce4c589d9b47090f628f844ed5694418144e63cfe7f3da7e9",
                "sha256:ab326b172dc470331490bda516d4d6d7578c91445ad83a2a3418ac1b9c5f9f55",
                "sha256:cdd1036688341413e5adef32b3fd58e8b44f24405f394f90129f39ed879e4f24",
                "sha256:de267459d040c96727ba141075d5bc983ec69c6f75b6df1b703e3b5cd7090382",
                "sha256:e40790fdaf65213d70da4ed9229f16f6d6376310dc8fc23eacc98e6151c6ae7e",
                "sha256:f4ef3b26229ff192032a12653d637313e1231d23e788b83a2f4a3d8e2bf2d031"
            ],
            "version": "==1.0.6"
        },
        "numpy": {
            "hashes": [
                "sha256:1786a08236f2c92ae0e70423c45e1e62788ed33028f94ca99c4df03f5be6b3c6",
                "sha256:17aa7a81fe7599a10f2b7d95856dc5cf84a4eefa45bc96123cbbc3ebc568994e",
                "sha256:20b26aaa5b3da029942cdcce719b363dbe58696ad182aff0e5dcb1687ec946dc",
                "sha256:2d75908ab3ced4223ccba595b48e538afa5ecc37405923d1fea6906d7c3a50bc",
                "sha256:39d2c685af15d3ce682c99ce5925cc66efc824652e10990d2462dfe9b8918c6a",
                "sha256:56bc8ded6fcd9adea90f65377438f9fea8c05fcf7c5ba766bef258d0da1554aa",
                "sha256:590355aeade1a2eaba17617c19edccb7db8d78760175256e3cf94590a1a964f3",
                "sha256:70a840a26f4e61defa7bdf811d7498a284ced303dfbc35acb7be12a39b2aa121",
                "sha256:77c3bfe65d8560487052ad55c6998a04b654c2fbc36d546aef2b2e511e760971",
                "sha256:9537eecf179f566fd1c160a2e912ca0b8e02d773af0a7a1120ad4f7507cd0d26",
                "sha256:9acdf933c1fd263c513a2df3dceecea6f3ff4419d80bf238510976bf9bcb26cd",
                "sha256:ae0975f42ab1f28364dcda3dde3cf6c1ddab3e1d4b2909da0cb0191fa9ca0480",
                "sha256:b3af02ecc999c8003e538e60c89a2b37646b39b688d4e44d7373e11c2debabec",
                "sha256:b6ff59cee96b454516e47e7721098e6ceebef435e3e21ac2d6c3b8b02628eb77",
                "sha256:b765ed3930b92812aa698a455847141869ef755a87e099fddd4ccf9d81fffb57",
                "sha256:c98c5ffd7d41611407a1103ae11c8b634ad6a43606eca3e2a5a269e5d6e8eb07",
                "sha256:cf7eb6b1025d3e169989416b1adcd676624c2dbed9e3bcb7137f51bfc8cc2572",
                "sha256:d92350c22b150c1cae7ebb0ee8b5670cc84848f6359cf6b5d8f86617098a9b73",
                "sha256:e422c3152921cece8b6a2fb6b0b4d73b6579bd20ae075e7d15143e711f3ca2ca",
                "sha256:e840f552a509e3380b0f0ec977e8124d0dc34dc0e68289ca28f4d7c1d0d79474",
                "sha256:f3d0a94ad151870978fb93538e95411c83899c9dc63e6fb65542f769568ecfa5"
            ],
            "index": "pypi",
            "version": "==1.18.1"
        },
        "pandas": {
            "hashes": [
                "sha256:23e177d43e4bf68950b0f8788b6a2fef2f478f4ec94883acb627b9264522a98a",
                "sha256:2530aea4fe46e8df7829c3f05e0a0f821c893885d53cb8ac9b89cc67c143448c",
                "sha256:303827f0bb40ff610fbada5b12d50014811efcc37aaf6ef03202dc3054bfdda1",
                "sha256:3b019e3ea9f5d0cfee0efabae2cfd3976874e90bcc3e97b29600e5a9b345ae3d",
                "sha256:3c07765308f091d81b6735d4f2242bb43c332cc3461cae60543df6b10967fe27",
                "sha256:5036d4009012a44aa3e50173e482b664c1fae36decd277c49e453463798eca4e",
                "sha256:6f38969e2325056f9959efbe06c27aa2e94dd35382265ad0703681d993036052",
                "sha256:74a470d349d52b9d00a2ba192ae1ee22155bb0a300fd1ccb2961006c3fa98ed3",
                "sha256:7d77034e402165b947f43050a8a415aa3205abfed38d127ea66e57a2b7b5a9e0",
                "sha256:7f9a509f6f11fa8b9313002ebdf6f690a7aa1dd91efd95d90185371a0d68220e",
                "sha256:942b5d04762feb0e55b2ad97ce2b254a0ffdd344b56493b04a627266e24f2d82",
                "sha256:a9fbe41663416bb70ed05f4e16c5f377519c0dc292ba9aa45f5356e37df03a38",
                "sha256:d10e83866b48c0cdb83281f786564e2a2b51a7ae7b8a950c3442ad3c9e36b48c",
                "sha256:e2140e1bbf9c46db9936ee70f4be6584d15ff8dc3dfff1da022d71227d53bad3"
            ],
            "index": "pypi",
            "version": "==1.0.1"
        },
        "pillow": {
            "hashes": [
                "sha256:03b27b197deb4ee400ed57d8d4e572d2d8d80f825b6634daf6e2c18c3c6ccfa6",
                "sha256:0b281fcadbb688607ea6ece7649c5d59d4bbd574e90db6cd030e9e85bde9fecc",
                "sha256:0ebd8b9137630a7bbbff8c4b31e774ff05bbb90f7911d93ea2c9371e41039b52",
                "sha256:113723312215b25c22df1fdf0e2da7a3b9c357a7d24a93ebbe80bfda4f37a8d4",
                "sha256:2d16b6196fb7a54aff6b5e3ecd00f7c0bab1b56eee39214b2b223a9d938c50af",
                "sha256:2fd8053e1f8ff1844419842fd474fc359676b2e2a2b66b11cc59f4fa0a301315",
                "sha256:31b265496e603985fad54d52d11970383e317d11e18e856971bdbb86af7242a4",
                "sha256:3586e12d874ce2f1bc875a3ffba98732ebb12e18fb6d97be482bd62b56803281",
                "sha256:47f5cf60bcb9fbc46011f75c9b45a8b5ad077ca352a78185bd3e7f1d294b98bb",
                "sha256:490e52e99224858f154975db61c060686df8a6b3f0212a678e5d2e2ce24675c9",
                "sha256:500d397ddf4bbf2ca42e198399ac13e7841956c72645513e8ddf243b31ad2128",
                "sha256:52abae4c96b5da630a8b4247de5428f593465291e5b239f3f843a911a3cf0105",
                "sha256:6579f9ba84a3d4f1807c4aab4be06f373017fc65fff43498885ac50a9b47a553",
                "sha256:68e06f8b2248f6dc8b899c3e7ecf02c9f413aab622f4d6190df53a78b93d97a5",
                "sha256:6c5439bfb35a89cac50e81c751317faea647b9a3ec11c039900cd6915831064d",
                "sha256:72c3110228944019e5f27232296c5923398496b28be42535e3b2dc7297b6e8b6",
                "sha256:72f649d93d4cc4d8cf79c91ebc25137c358718ad75f99e99e043325ea7d56100",
                "sha256:7aaf07085c756f6cb1c692ee0d5a86c531703b6e8c9cae581b31b562c16b98ce",
                "sha256:80fe92813d208ce8aa7d76da878bdc84b90809f79ccbad2a288e9bcbeac1d9bd",
                "sha256:95545137fc56ce8c10de646074d242001a112a92de169986abd8c88c27566a05",
                "sha256:97b6d21771da41497b81652d44191489296555b761684f82b7b544c49989110f",
                "sha256:98cb63ca63cb61f594511c06218ab4394bf80388b3d66cd61d0b1f63ee0ea69f",
                "sha256:9f3b4522148586d35e78313db4db0df4b759ddd7649ef70002b6c3767d0fdeb7",
                "sha256:a09a9d4ec2b7887f7a088bbaacfd5c07160e746e3d47ec5e8050ae3b2a229e9f",
                "sha256:b5050d681bcf5c9f2570b93bee5d3ec8ae4cf23158812f91ed57f7126df91762",
                "sha256:bb47a548cea95b86494a26c89d153fd31122ed65255db5dcbc421a2d28eb3379",
                "sha256:bc462d24500ba707e9cbdef436c16e5c8cbf29908278af053008d9f689f56dee",
                "sha256:c2067b3bb0781f14059b112c9da5a91c80a600a97915b4f48b37f197895dd925",
                "sha256:d154ed971a4cc04b93a6d5b47f37948d1f621f25de3e8fa0c26b2d44f24e3e8f",
                "sha256:d5dcea1387331c905405b09cdbfb34611050cc52c865d71f2362f354faee1e9f",
                "sha256:ee6e2963e92762923956fe5d3479b1fdc3b76c83f290aad131a2f98c3df0593e",
                "sha256:fd0e5062f11cb3e730450a7d9f323f4051b532781026395c4323b8ad055523c4"
            ],
            "index": "pypi",
            "version": "==9.0.0"
        },
        "plac": {
            "hashes": [
                "sha256:398cb947c60c4c25e275e1f1dadf027e7096858fb260b8ece3b33bcff90d985f",
                "sha256:487e553017d419f35add346c4c09707e52fa53f7e7181ce1098ca27620e9ceee"
            ],
            "version": "==1.1.3"
        },
        "preshed": {
            "hashes": [
                "sha256:3af09f4cfcdaca085fd87dac8107617c4e2bb0ad1458f953841b71e9728287f5",
                "sha256:58661bea8d0d63a648588511407285e43d43627e27f836e30819801fb3c75d70",
                "sha256:5f99837e7353ce1fa81f0074d4b15f36e0af5af60a2a54d4d11e13cb09768a9e",
                "sha256:61b2ea656cb1c38d544cc774f1c2ad1cdab23167b46b35310a7e211d4ba9c6d0",
                "sha256:66a71ced487516cf81fd0431a3a843514262ae2f33e9a7688b87562258fa75d5",
                "sha256:6c98f725d8478f3ade4ab1ea00f50a92d2d9406d37276bc46fd8bab1d47452c4",
                "sha256:87e1add41b7f6236a3ccc34788f47ab8682bc28e8a2d369089062e274494c1a0",
                "sha256:8c60a400babfc5b25ba371fda7041be227f7c625e1fb7a43329c2c08fe00a53b",
                "sha256:92a8f49d17a63537a8beed48a049b62ef168ca07e0042a5b2bcdf178a1fb5d48",
                "sha256:a279c138ad1d5be02547b1545254929588414b01571fe637016367f6a1aa11de",
                "sha256:cfe1495fcfc7f479de840ddc4f426dbb55351e218ae5c8712c1269183a4d0060",
                "sha256:e03ae3eee961106a517fcd827b5a7c51f7317236b3e665c989054ab8dc381d28",
                "sha256:ea8aa9610837e907e8442e79300df0a861bfdb4dcaf026a5d9642a688ad04815",
                "sha256:eaffbc71fdb8625f9aac4fe7e19e20bf318d1421ea05903bebe3e6ffef27b587",
                "sha256:f92e752a868ea2690e1b38c4b775251a145e0fce36b9bdd972539e8271b7a23a",
                "sha256:fb3b7588a3a0f2f2f1bf3fe403361b2b031212b73a37025aea1df7215af3772a"
            ],
            "version": "==3.0.6"
        },
        "psycopg2-binary": {
            "hashes": [
                "sha256:040234f8a4a8dfd692662a8308d78f63f31a97e1c42d2480e5e6810c48966a29",
                "sha256:086f7e89ec85a6704db51f68f0dcae432eff9300809723a6e8782c41c2f48e03",
                "sha256:18ca813fdb17bc1db73fe61b196b05dd1ca2165b884dd5ec5568877cabf9b039",
                "sha256:19dc39616850342a2a6db70559af55b22955f86667b5f652f40c0e99253d9881",
                "sha256:2166e770cb98f02ed5ee2b0b569d40db26788e0bf2ec3ae1a0d864ea6f1d8309",
                "sha256:3a2522b1d9178575acee4adf8fd9f979f9c0449b00b4164bb63c3475ea6528ed",
                "sha256:3aa773580f85a28ffdf6f862e59cb5a3cc7ef6885121f2de3fca8d6ada4dbf3b",
                "sha256:3b5deaa3ee7180585a296af33e14c9b18c218d148e735c7accf78130765a47e3",
                "sha256:407af6d7e46593415f216c7f56ba087a9a42bd6dc2ecb86028760aa45b802bd7",
                "sha256:4c3c09fb674401f630626310bcaf6cd6285daf0d5e4c26d6e55ca26a2734e39b",
                "sha256:4c6717962247445b4f9e21c962ea61d2e884fc17df5ddf5e35863b016f8a1f03",
                "sha256:50446fae5681fc99f87e505d4e77c9407e683ab60c555ec302f9ac9bffa61103",
                "sha256:5057669b6a66aa9ca118a2a860159f0ee3acf837eda937bdd2a64f3431361a2d",
                "sha256:5dd90c5438b4f935c9d01fcbad3620253da89d19c1f5fca9158646407ed7df35",
                "sha256:659c815b5b8e2a55193ede2795c1e2349b8011497310bb936da7d4745652823b",
                "sha256:69b13fdf12878b10dc6003acc8d0abf3ad93e79813fd5f3812497c1c9fb9be49",
                "sha256:7a1cb80e35e1ccea3e11a48afe65d38744a0e0bde88795cc56a4d05b6e4f9d70",
                "sha256:7e6e3c52e6732c219c07bd97fff6c088f8df4dae3b79752ee3a817e6f32e177e",
                "sha256:7f42a8490c4fe854325504ce7a6e4796b207960dabb2cbafe3c3959cb00d1d7e",
                "sha256:84156313f258eafff716b2961644a4483a9be44a5d43551d554844d15d4d224e",
                "sha256:8578d6b8192e4c805e85f187bc530d0f52ba86c39172e61cd51f68fddd648103",
                "sha256:890167d5091279a27e2505ff0e1fb273f8c48c41d35c5b92adbf4af80e6b2ed6",
                "sha256:98e10634792ac0e9e7a92a76b4991b44c2325d3e7798270a808407355e7bb0a1",
                "sha256:9aadff9032e967865f9778485571e93908d27dab21d0fdfdec0ca779bb6f8ad9",
                "sha256:9f24f383a298a0c0f9b3113b982e21751a8ecde6615494a3f1470eb4a9d70e9e",
                "sha256:a73021b44813b5c84eda4a3af5826dd72356a900bac9bd9dd1f0f81ee1c22c2f",
                "sha256:afd96845e12638d2c44d213d4810a08f4dc4a563f9a98204b7428e567014b1cd",
                "sha256:b73ddf033d8cd4cc9dfed6324b1ad2a89ba52c410ef6877998422fcb9c23e3a8",
                "sha256:b8f490f5fad1767a1331df1259763b3bad7d7af12a75b950c2843ba319b2415f",
                "sha256:dbc5cd56fff1a6152ca59445178652756f4e509f672e49ccdf3d79c1043113a4",
                "sha256:eac8a3499754790187bb00574ab980df13e754777d346f85e0ff6df929bcd964",
                "sha256:eaed1c65f461a959284649e37b5051224f4db6ebdc84e40b5e65f2986f101a08"
            ],
            "index": "pypi",
            "version": "==2.8.4"
        },
        "python-dateutil": {
            "hashes": [
                "sha256:0123cacc1627ae19ddf3c27a5de5bd67ee4586fbdd6440d9748f8abb483d3e86",
                "sha256:961d03dc3453ebbc59dbdea9e4e11c5651520a876d0f4db161e8674aae935da9"
            ],
            "markers": "python_version >= '2.7' and python_version not in '3.0, 3.1, 3.2, 3.3'",
            "version": "==2.8.2"
        },
        "python-dotenv": {
            "hashes": [
                "sha256:440c7c23d53b7d352f9c94d6f70860242c2f071cf5c029dd661ccb22d64ae42b",
                "sha256:f254bfd0c970d64ccbb6c9ebef3667ab301a71473569c991253a481f1c98dddc"
            ],
            "index": "pypi",
            "version": "==0.10.5"
        },
        "pytz": {
            "hashes": [
                "sha256:3672058bc3453457b622aab7a1c3bfd5ab0bdae451512f6cf25f64ed37f5b87c",
                "sha256:acad2d8b20a1af07d4e4c9d2e9285c5ed9104354062f275f3fcd88dcef4f1326"
            ],
            "version": "==2021.3"
        },
        "requests": {
            "hashes": [
                "sha256:68d7c56fd5a8999887728ef304a6d12edc7be74f1cfa47714fc8b414525c9a61",
                "sha256:f22fa1e554c9ddfd16e6e41ac79759e17be9e492b3587efa038054674760e72d"
            ],
            "markers": "python_version >= '2.7' and python_version not in '3.0, 3.1, 3.2, 3.3, 3.4, 3.5'",
            "version": "==2.27.1"
        },
        "scikit-learn": {
            "hashes": [
                "sha256:1ac81293d261747c25ea5a0ee8cd2bb1f3b5ba9ec05421a7f9f0feb4eb7c4116",
                "sha256:289361cf003d90b007f5066b27fcddc2d71324c82f1c88e316fedacb0dfdd516",
                "sha256:3a14d0abd4281fc3fd2149c486c3ec7cedad848b8d5f7b6f61522029d65a29f8",
                "sha256:5083a5e50d9d54548e4ada829598ae63a05651dd2bb319f821ffd9e8388384a6",
                "sha256:777cdd5c077b7ca9cb381396c81990cf41d2fa8350760d3cad3b4c460a7db644",
                "sha256:8bf2ff63da820d09b96b18e88f9625228457bff8df4618f6b087e12442ef9e15",
                "sha256:8d319b71c449627d178f21c57614e21747e54bb3fc9602b6f42906c3931aa320",
                "sha256:928050b65781fea9542dfe9bfe02d8c4f5530baa8472ec60782ea77347d2c836",
                "sha256:92c903613ff50e22aa95d589f9fff5deb6f34e79f7f21f609680087f137bb524",
                "sha256:ae322235def5ce8fae645b439e332e6f25d34bb90d6a6c8e261f17eb476457b7",
                "sha256:c1cd6b29eb1fd1cc672ac5e4a8be5f6ea936d094a3dc659ada0746d6fac750b1",
                "sha256:c41a6e2685d06bcdb0d26533af2540f54884d40db7e48baed6a5bcbf1a7cc642",
                "sha256:d07fcb0c0acbc043faa0e7cf4d2037f71193de3fb04fb8ed5c259b089af1cf5c",
                "sha256:d146d5443cda0a41f74276e42faf8c7f283fef49e8a853b832885239ef544e05",
                "sha256:eb2b7bed0a26ba5ce3700e15938b28a4f4513578d3e54a2156c29df19ac5fd01",
                "sha256:eb9b8ebf59eddd8b96366428238ab27d05a19e89c5516ce294abc35cea75d003"
            ],
            "index": "pypi",
            "version": "==0.21.3"
        },
        "scipy": {
            "hashes": [
                "sha256:033ce76ed4e9f62923e1f8124f7e2b0800db533828c853b402c7eec6e9465d80",
                "sha256:173308efba2270dcd61cd45a30dfded6ec0085b4b6eb33b5eb11ab443005e088",
                "sha256:21b66200cf44b1c3e86495e3a436fc7a26608f92b8d43d344457c54f1c024cbc",
                "sha256:2c56b820d304dffcadbbb6cbfbc2e2c79ee46ea291db17e288e73cd3c64fefa9",
                "sha256:304dfaa7146cffdb75fbf6bb7c190fd7688795389ad060b970269c8576d038e9",
                "sha256:3f78181a153fa21c018d346f595edd648344751d7f03ab94b398be2ad083ed3e",
                "sha256:4d242d13206ca4302d83d8a6388c9dfce49fc48fdd3c20efad89ba12f785bf9e",
                "sha256:5d1cc2c19afe3b5a546ede7e6a44ce1ff52e443d12b231823268019f608b9b12",
                "sha256:5f2cfc359379c56b3a41b17ebd024109b2049f878badc1e454f31418c3a18436",
                "sha256:65bd52bf55f9a1071398557394203d881384d27b9c2cad7df9a027170aeaef93",
                "sha256:7edd9a311299a61e9919ea4192dd477395b50c014cdc1a1ac572d7c27e2207fa",
                "sha256:8499d9dd1459dc0d0fe68db0832c3d5fc1361ae8e13d05e6849b358dc3f2c279",
                "sha256:866ada14a95b083dd727a845a764cf95dd13ba3dc69a16b99038001b05439709",
                "sha256:87069cf875f0262a6e3187ab0f419f5b4280d3dcf4811ef9613c605f6e4dca95",
                "sha256:93378f3d14fff07572392ce6a6a2ceb3a1f237733bd6dcb9eb6a2b29b0d19085",
                "sha256:95c2d250074cfa76715d58830579c64dff7354484b284c2b8b87e5a38321672c",
                "sha256:ab5875facfdef77e0a47d5fd39ea178b58e60e454a4c85aa1e52fcb80db7babf",
                "sha256:b0e0aeb061a1d7dcd2ed59ea57ee56c9b23dd60100825f98238c06ee5cc4467e",
                "sha256:b78a35c5c74d336f42f44106174b9851c783184a85a3fe3e68857259b37b9ffb",
                "sha256:c9e04d7e9b03a8a6ac2045f7c5ef741be86727d8f49c45db45f244bdd2bcff17",
                "sha256:ca36e7d9430f7481fc7d11e015ae16fbd5575615a8e9060538104778be84addf",
                "sha256:ceebc3c4f6a109777c0053dfa0282fddb8893eddfb0d598574acfb734a926168",
                "sha256:e2c036492e673aad1b7b0d0ccdc0cb30a968353d2c4bf92ac8e73509e1bf212c",
                "sha256:eb326658f9b73c07081300daba90a8746543b5ea177184daed26528273157294",
                "sha256:eb7ae2c4dbdb3c9247e07acc532f91077ae6dbc40ad5bd5dca0bb5a176ee9bda",
                "sha256:edad1cf5b2ce1912c4d8ddad20e11d333165552aba262c882e28c78bbc09dbf6",
                "sha256:eef93a446114ac0193a7b714ce67659db80caf940f3232bad63f4c7a81bc18df",
                "sha256:f7eaea089345a35130bc9a39b89ec1ff69c208efa97b3f8b25ea5d4c41d88094",
                "sha256:f99d206db1f1ae735a8192ab93bd6028f3a42f6fa08467d37a14eb96c9dd34a3"
            ],
            "markers": "python_version < '3.11' and python_version >= '3.7'",
            "version": "==1.7.3"
        },
        "setuptools": {
            "hashes": [
                "sha256:2404879cda71495fc4d5cbc445ed52fdaddf352b36e40be8dcc63147cb4edabe",
                "sha256:68eb94073fc486091447fcb0501efd6560a0e5a1839ba249e5ff3c4c93f05f90"
            ],
            "markers": "python_version >= '3.7'",
            "version": "==60.5.0"
        },
        "six": {
            "hashes": [
                "sha256:1e61c37477a1626458e36f7b1d82aa5c9b094fa4802892072e49de9c60c4c926",
                "sha256:8abb2f1d86890a2dfb989f9a77cfcfd3e47c2a354b01111771326f8aa26e0254"
            ],
            "markers": "python_version >= '2.7' and python_version not in '3.0, 3.1, 3.2, 3.3'",
            "version": "==1.16.0"
        },
        "spacy": {
            "hashes": [
                "sha256:1d14c9e7d65b2cecd56c566d9ffac8adbcb9ce2cff2274cbfdcf5468cd940e6a",
                "sha256:2cb77315522cc422df7750dac778f13d8079f409b4842cf74a54ffe3b84ee5c6",
                "sha256:3c83c061597b5dc94c939c511d3b72c2971257204f21976afc117a350e8fa92b",
                "sha256:6971359e43841ff9ed87e1af5e87ea74d6fdb01fe54807d3e4c6a2a3798d18a4",
                "sha256:708d25c7212bd20d1268c6559e191d221e88e68e152fb98b82c388d16dfdd3d7",
                "sha256:713811c96396c6bb86a1da2bbbe02d874385e74dde6617a84d61d99e9d2b1105",
                "sha256:7fa02ababbb3762277b81873204d78583008b408ddf6fc0ef977b38d3b462b85",
                "sha256:8d1ce99fc30d634b63b15d98c49b96d6a40b0d2048d5dad0f2bb31d3f6dc5ef0",
                "sha256:9afdec1aeb21dbeccfd4d702f12fe8bab88e4d7cd410785bf17f6b186cbc73e8",
                "sha256:ce7fad73de7aed7ca2ee7c2404c77c72005f67ca95edae6f19f08947fb0f8ab3",
                "sha256:d6a2804c457ce74f0d3bf1f4cdb00cbcd228e9da5f0bdbbbe0a856afe12db37e",
                "sha256:d8791f5f69800d702b8e9457418af2cd29789b82697d17ad66df98922f081d1b"
            ],
            "index": "pypi",
            "version": "==2.2.3"
        },
        "squarify": {
            "hashes": [
                "sha256:54091f6ad175f7f201f8934574e647ce1b50dedc478c5fd968688eb7d7469f95",
                "sha256:bec7011e0c7f4103fe57a1c16a7c091d9dc1be0f23d774e1c568b748a6f818f6"
            ],
            "index": "pypi",
            "version": "==0.4.3"
        },
        "srsly": {
            "hashes": [
                "sha256:11447f8e659e1f62f29302252fb057f179031457b36c83426027182f624fe565",
                "sha256:23c7205b8c1cac49a03521bee37f0afe3680d9f0ec18c75ab3ac39bd3e15272b",
                "sha256:2615b8713dfe793ca57925076b0869385d56754816b1eaee5490a6827a1cb5c7",
                "sha256:334f29435099e644a8047b63d60b8386a98b5f7b4739f7efc86b46ca0200aa0e",
                "sha256:4c43a1f28e555891a1e65650adea2c5d0f0fe4b3d63821de65c8357f32c3a11c",
                "sha256:779ebfaa3cf1d5c0f1286ac1baf06af5f2a17bb103622992c71acc6ac20b2781",
                "sha256:8fc4c0641537262e15c7b5b57edc47487b15ac47b696adcb81e0a770ef78e8f5",
                "sha256:a1449da4195e30a3bd1fd3122e5b1a0c57703843c590643555c412fc87132aa0",
                "sha256:a2746afccfd4f51f0793cccc2b6d5e8a564c962870feec5c77408244c1dbb3c5",
                "sha256:a696e9c925e91f76ec53840c55483a4fbf76cb717424410a4f249d4805439038",
                "sha256:b5b887328ac6e210842560fcf32a29c2a9c1ed38c6d47479cadc03d81940da8c",
                "sha256:d3dd796372367c71946d0cd6f734e49db3d99dd13a57bdac937d9eb62689fc9e",
                "sha256:fd5e1e01f5fd0f532a6f3977bb74facc42f1b7155402ee3d06c07a73e83e3c47"
            ],
            "version": "==1.0.5"
        },
        "thinc": {
            "hashes": [
                "sha256:1dbaec0628040a1f8d66147fadbf7775ad6dfe4c681424b2e20479c1e54dc3c1",
                "sha256:20b6ed4a8112342b433b9b3ca23b59322d07e32a9232d3cca19b0353e213eadb",
                "sha256:30790a1a496a8a84fe300edf50df50454dbdb625b41b203739fbc03112a4d3b6",
                "sha256:56b67887930df87c28af2cc4d046c6bc3e80ed4ff3e57208a4fb7a348d12a580",
                "sha256:650fbead603bd7e73a61fd2c1b69202ad7a8eb70d4ebe7c5484b8788e828b6e0",
                "sha256:713adad69c108dbdc145276d077c4a80f3df31a39b3fc574782dcb64b1def815",
                "sha256:801f32f6c048de7e9f6d406342080e6348d0bb02beb1412811f9150a26661691",
                "sha256:8833246f1c8b95143c91e310728bf64af8972a9d8653252efa1b4c9036837569",
                "sha256:93cb9d184115a8890321dd7f5d94a0d8235dc2fca54d92a9c1c051234a7af43e",
                "sha256:abe0d00cbb2cc831f4462e41f97aeb754b275a723a1335cdce7ac9224001d567",
                "sha256:bad16bcc608ec4d74c680d85aa9bf43cfc776ac12ca3b7e699d7283fd0177bca",
                "sha256:ce81d6b2372057e10f9d7cb505942df67a803f270d69959d44d372e8e3792bb9",
                "sha256:f19a36cdfdbef75109f505313c16a7b154b9bbf83dd177e9ddd43430dc523bb0"
            ],
            "version": "==7.3.1"
        },
        "tqdm": {
            "hashes": [
                "sha256:8dd278a422499cd6b727e6ae4061c40b48fce8b76d1ccbf5d34fca9b7f925b0c",
                "sha256:d359de7217506c9851b7869f3708d8ee53ed70a1b8edbba4dbcb47442592920d"
            ],
            "markers": "python_version >= '2.7' and python_version not in '3.0, 3.1, 3.2, 3.3'",
            "version": "==4.62.3"
        },
        "typing-extensions": {
            "hashes": [
                "sha256:4ca091dea149f945ec56afb48dae714f21e8692ef22a395223bcd328961b6a0e",
                "sha256:7f001e5ac290a0c0401508864c7ec868be4e701886d5b573a9528ed3973d9d3b"
            ],
            "markers": "python_version < '3.8'",
            "version": "==4.0.1"
        },
        "urllib3": {
            "hashes": [
                "sha256:000ca7f471a233c2251c6c7023ee85305721bfdf18621ebff4fd17a8653427ed",
                "sha256:0e7c33d9a63e7ddfcb86780aac87befc2fbddf46c58dbb487e0855f7ceec283c"
            ],
            "markers": "python_version >= '2.7' and python_version not in '3.0, 3.1, 3.2, 3.3, 3.4' and python_version < '4'",
            "version": "==1.26.8"
        },
        "wasabi": {
            "hashes": [
                "sha256:152245d892030a3a7b511038e9472acff6d0e237cfe4123fef0d147f2d3274fc",
                "sha256:f40f317981d019903db5b69eb2bf78519c9e165c1dfdbd0452e4ca81ff9a31d2"
            ],
            "version": "==0.9.0"
        },
        "zipp": {
            "hashes": [
                "sha256:9f50f446828eb9d45b267433fd3e9da8d801f614129124863f9c51ebceafb87d",
                "sha256:b47250dd24f92b7dd6a0a8fc5244da14608f3ca90a5efcd37a3b1642fac9a375"
            ],
            "markers": "python_version >= '3.7'",
            "version": "==3.7.0"
        }
    },
    "develop": {}
}
